
Microsoft Visual Studio Solution File, Format Version 12.00
# Visual Studio Version 17
VisualStudioVersion = 17.7.34024.191
MinimumVisualStudioVersion = 10.0.40219.1
Project("{FAE04EC0-301F-11D3-BF4B-00C04F79EFBC}") = "AngularAuthAPI", "AngularAuthAPI\AngularAuthAPI.csproj", "{B82471BA-5034-4B39-96A5-61A15BA85F6F}"
EndProject
Global
	GlobalSection(SolutionConfigurationPlatforms) = preSolution
		Debug|Any CPU = Debug|Any CPU
		Release|Any CPU = Release|Any CPU
	EndGlobalSection
	GlobalSection(ProjectConfigurationPlatforms) = postSolution
		{B82471BA-5034-4B39-96A5-61A15BA85F6F}.Debug|Any CPU.ActiveCfg = Debug|Any CPU
		{B82471BA-5034-4B39-96A5-61A15BA85F6F}.Debug|Any CPU.Build.0 = Debug|Any CPU
		{B82471BA-5034-4B39-96A5-61A15BA85F6F}.Release|Any CPU.ActiveCfg = Release|Any CPU
		{B82471BA-5034-4B39-96A5-61A15BA85F6F}.Release|Any CPU.Build.0 = Release|Any CPU
	EndGlobalSection
	GlobalSection(SolutionProperties) = preSolution
		HideSolutionNode = FALSE
	EndGlobalSection
	GlobalSection(ExtensibilityGlobals) = postSolution
		SolutionGuid = {D007B3CB-40E4-4E61-8A92-75B7614AE888}
	EndGlobalSection
EndGlobal
